// !$*UTF8*$!
{
	archiveVersion = 1;
	classes = {
	};
	objectVersion = 56;
	objects = {

/* Begin PBXBuildFile section */
		8EA29B5F2C792A2300D14ABF /* AppDelegate.swift in Sources */ = {isa = PBXBuildFile; fileRef = 8EA29B5E2C792A2300D14ABF /* AppDelegate.swift */; };
		8EA29B612C792A2300D14ABF /* SceneDelegate.swift in Sources */ = {isa = PBXBuildFile; fileRef = 8EA29B602C792A2300D14ABF /* SceneDelegate.swift */; };
		8EA29B632C792A2300D14ABF /* ToDoListViewController.swift in Sources */ = {isa = PBXBuildFile; fileRef = 8EA29B622C792A2300D14ABF /* ToDoListViewController.swift */; };
		8EA29B692C792A2300D14ABF /* ToDoList.xcdatamodeld in Sources */ = {isa = PBXBuildFile; fileRef = 8EA29B672C792A2300D14ABF /* ToDoList.xcdatamodeld */; };
		8EA29B6B2C792A2500D14ABF /* Assets.xcassets in Resources */ = {isa = PBXBuildFile; fileRef = 8EA29B6A2C792A2500D14ABF /* Assets.xcassets */; };
		8EA29B6E2C792A2500D14ABF /* Base in Resources */ = {isa = PBXBuildFile; fileRef = 8EA29B6D2C792A2500D14ABF /* Base */; };
		8EA29B792C792A2500D14ABF /* ToDoListTests.swift in Sources */ = {isa = PBXBuildFile; fileRef = 8EA29B782C792A2500D14ABF /* ToDoListTests.swift */; };
		8EA29B832C792A2500D14ABF /* ToDoListUITests.swift in Sources */ = {isa = PBXBuildFile; fileRef = 8EA29B822C792A2500D14ABF /* ToDoListUITests.swift */; };
		8EA29B852C792A2500D14ABF /* ToDoListUITestsLaunchTests.swift in Sources */ = {isa = PBXBuildFile; fileRef = 8EA29B842C792A2500D14ABF /* ToDoListUITestsLaunchTests.swift */; };
		8EA29B9B2C792FE500D14ABF /* AssemblyManager.swift in Sources */ = {isa = PBXBuildFile; fileRef = 8EA29B9A2C792FE500D14ABF /* AssemblyManager.swift */; };
		8EA29B9D2C79337900D14ABF /* ToDoListInteractor.swift in Sources */ = {isa = PBXBuildFile; fileRef = 8EA29B9C2C79337900D14ABF /* ToDoListInteractor.swift */; };
		8EA29B9F2C79345200D14ABF /* ToDoListPresenter.swift in Sources */ = {isa = PBXBuildFile; fileRef = 8EA29B9E2C79345200D14ABF /* ToDoListPresenter.swift */; };
		8EA29BA12C79348900D14ABF /* ToDoListRouter.swift in Sources */ = {isa = PBXBuildFile; fileRef = 8EA29BA02C79348900D14ABF /* ToDoListRouter.swift */; };
		8EA29BA32C79392E00D14ABF /* NetworkManager.swift in Sources */ = {isa = PBXBuildFile; fileRef = 8EA29BA22C79392E00D14ABF /* NetworkManager.swift */; };
		8EA29BA52C79397F00D14ABF /* CoreDataManager.swift in Sources */ = {isa = PBXBuildFile; fileRef = 8EA29BA42C79397F00D14ABF /* CoreDataManager.swift */; };
		8EA29BA72C793D5B00D14ABF /* ToDoItem.swift in Sources */ = {isa = PBXBuildFile; fileRef = 8EA29BA62C793D5B00D14ABF /* ToDoItem.swift */; };
		8EA29BA92C79DED600D14ABF /* TableViewCell.swift in Sources */ = {isa = PBXBuildFile; fileRef = 8EA29BA82C79DED600D14ABF /* TableViewCell.swift */; };
		8EA29BAB2C7E3B2000D14ABF /* APItoDoItem.swift in Sources */ = {isa = PBXBuildFile; fileRef = 8EA29BAA2C7E3B2000D14ABF /* APItoDoItem.swift */; };
		8EA29BAE2C7E770A00D14ABF /* ToDoItemEntity+CoreDataClass.swift in Sources */ = {isa = PBXBuildFile; fileRef = 8EA29BAC2C7E770A00D14ABF /* ToDoItemEntity+CoreDataClass.swift */; };
		8EA29BAF2C7E770A00D14ABF /* ToDoItemEntity+CoreDataProperties.swift in Sources */ = {isa = PBXBuildFile; fileRef = 8EA29BAD2C7E770A00D14ABF /* ToDoItemEntity+CoreDataProperties.swift */; };
		8EA29BB12C7FBADD00D14ABF /* NetworkManagerMock.swift in Sources */ = {isa = PBXBuildFile; fileRef = 8EA29BB02C7FBADD00D14ABF /* NetworkManagerMock.swift */; };
		8EA29BB32C7FBBA100D14ABF /* CoreDataManagerMock.swift in Sources */ = {isa = PBXBuildFile; fileRef = 8EA29BB22C7FBBA100D14ABF /* CoreDataManagerMock.swift */; };
/* End PBXBuildFile section */

/* Begin PBXContainerItemProxy section */
		8EA29B752C792A2500D14ABF /* PBXContainerItemProxy */ = {
			isa = PBXContainerItemProxy;
			containerPortal = 8EA29B532C792A2300D14ABF /* Project object */;
			proxyType = 1;
			remoteGlobalIDString = 8EA29B5A2C792A2300D14ABF;
			remoteInfo = ToDoList;
		};
		8EA29B7F2C792A2500D14ABF /* PBXContainerItemProxy */ = {
			isa = PBXContainerItemProxy;
			containerPortal = 8EA29B532C792A2300D14ABF /* Project object */;
			proxyType = 1;
			remoteGlobalIDString = 8EA29B5A2C792A2300D14ABF;
			remoteInfo = ToDoList;
		};
/* End PBXContainerItemProxy section */

/* Begin PBXFileReference section */
		8EA29B5B2C792A2300D14ABF /* ToDoList.app */ = {isa = PBXFileReference; explicitFileType = wrapper.application; includeInIndex = 0; path = ToDoList.app; sourceTree = BUILT_PRODUCTS_DIR; };
		8EA29B5E2C792A2300D14ABF /* AppDelegate.swift */ = {isa = PBXFileReference; lastKnownFileType = sourcecode.swift; path = AppDelegate.swift; sourceTree = "<group>"; };
		8EA29B602C792A2300D14ABF /* SceneDelegate.swift */ = {isa = PBXFileReference; lastKnownFileType = sourcecode.swift; path = SceneDelegate.swift; sourceTree = "<group>"; };
		8EA29B622C792A2300D14ABF /* ToDoListViewController.swift */ = {isa = PBXFileReference; lastKnownFileType = sourcecode.swift; path = ToDoListViewController.swift; sourceTree = "<group>"; };
		8EA29B682C792A2300D14ABF /* ToDoList.xcdatamodel */ = {isa = PBXFileReference; lastKnownFileType = wrapper.xcdatamodel; path = ToDoList.xcdatamodel; sourceTree = "<group>"; };
		8EA29B6A2C792A2500D14ABF /* Assets.xcassets */ = {isa = PBXFileReference; lastKnownFileType = folder.assetcatalog; path = Assets.xcassets; sourceTree = "<group>"; };
		8EA29B6D2C792A2500D14ABF /* Base */ = {isa = PBXFileReference; lastKnownFileType = file.storyboard; name = Base; path = Base.lproj/LaunchScreen.storyboard; sourceTree = "<group>"; };
		8EA29B6F2C792A2500D14ABF /* Info.plist */ = {isa = PBXFileReference; lastKnownFileType = text.plist.xml; path = Info.plist; sourceTree = "<group>"; };
		8EA29B742C792A2500D14ABF /* ToDoListTests.xctest */ = {isa = PBXFileReference; explicitFileType = wrapper.cfbundle; includeInIndex = 0; path = ToDoListTests.xctest; sourceTree = BUILT_PRODUCTS_DIR; };
		8EA29B782C792A2500D14ABF /* ToDoListTests.swift */ = {isa = PBXFileReference; lastKnownFileType = sourcecode.swift; path = ToDoListTests.swift; sourceTree = "<group>"; };
		8EA29B7E2C792A2500D14ABF /* ToDoListUITests.xctest */ = {isa = PBXFileReference; explicitFileType = wrapper.cfbundle; includeInIndex = 0; path = ToDoListUITests.xctest; sourceTree = BUILT_PRODUCTS_DIR; };
		8EA29B822C792A2500D14ABF /* ToDoListUITests.swift */ = {isa = PBXFileReference; lastKnownFileType = sourcecode.swift; path = ToDoListUITests.swift; sourceTree = "<group>"; };
		8EA29B842C792A2500D14ABF /* ToDoListUITestsLaunchTests.swift */ = {isa = PBXFileReference; lastKnownFileType = sourcecode.swift; path = ToDoListUITestsLaunchTests.swift; sourceTree = "<group>"; };
		8EA29B9A2C792FE500D14ABF /* AssemblyManager.swift */ = {isa = PBXFileReference; lastKnownFileType = sourcecode.swift; path = AssemblyManager.swift; sourceTree = "<group>"; };
		8EA29B9C2C79337900D14ABF /* ToDoListInteractor.swift */ = {isa = PBXFileReference; lastKnownFileType = sourcecode.swift; path = ToDoListInteractor.swift; sourceTree = "<group>"; };
		8EA29B9E2C79345200D14ABF /* ToDoListPresenter.swift */ = {isa = PBXFileReference; lastKnownFileType = sourcecode.swift; path = ToDoListPresenter.swift; sourceTree = "<group>"; };
		8EA29BA02C79348900D14ABF /* ToDoListRouter.swift */ = {isa = PBXFileReference; lastKnownFileType = sourcecode.swift; path = ToDoListRouter.swift; sourceTree = "<group>"; };
		8EA29BA22C79392E00D14ABF /* NetworkManager.swift */ = {isa = PBXFileReference; lastKnownFileType = sourcecode.swift; path = NetworkManager.swift; sourceTree = "<group>"; };
		8EA29BA42C79397F00D14ABF /* CoreDataManager.swift */ = {isa = PBXFileReference; lastKnownFileType = sourcecode.swift; path = CoreDataManager.swift; sourceTree = "<group>"; };
		8EA29BA62C793D5B00D14ABF /* ToDoItem.swift */ = {isa = PBXFileReference; lastKnownFileType = sourcecode.swift; path = ToDoItem.swift; sourceTree = "<group>"; };
		8EA29BA82C79DED600D14ABF /* TableViewCell.swift */ = {isa = PBXFileReference; lastKnownFileType = sourcecode.swift; path = TableViewCell.swift; sourceTree = "<group>"; };
		8EA29BAA2C7E3B2000D14ABF /* APItoDoItem.swift */ = {isa = PBXFileReference; lastKnownFileType = sourcecode.swift; path = APItoDoItem.swift; sourceTree = "<group>"; };
		8EA29BAC2C7E770A00D14ABF /* ToDoItemEntity+CoreDataClass.swift */ = {isa = PBXFileReference; lastKnownFileType = sourcecode.swift; path = "ToDoItemEntity+CoreDataClass.swift"; sourceTree = "<group>"; };
		8EA29BAD2C7E770A00D14ABF /* ToDoItemEntity+CoreDataProperties.swift */ = {isa = PBXFileReference; lastKnownFileType = sourcecode.swift; path = "ToDoItemEntity+CoreDataProperties.swift"; sourceTree = "<group>"; };
		8EA29BB02C7FBADD00D14ABF /* NetworkManagerMock.swift */ = {isa = PBXFileReference; lastKnownFileType = sourcecode.swift; path = NetworkManagerMock.swift; sourceTree = "<group>"; };
		8EA29BB22C7FBBA100D14ABF /* CoreDataManagerMock.swift */ = {isa = PBXFileReference; lastKnownFileType = sourcecode.swift; path = CoreDataManagerMock.swift; sourceTree = "<group>"; };
/* End PBXFileReference section */

/* Begin PBXFrameworksBuildPhase section */
		8EA29B582C792A2300D14ABF /* Frameworks */ = {
			isa = PBXFrameworksBuildPhase;
			buildActionMask = 2147483647;
			files = (
			);
			runOnlyForDeploymentPostprocessing = 0;
		};
		8EA29B712C792A2500D14ABF /* Frameworks */ = {
			isa = PBXFrameworksBuildPhase;
			buildActionMask = 2147483647;
			files = (
			);
			runOnlyForDeploymentPostprocessing = 0;
		};
		8EA29B7B2C792A2500D14ABF /* Frameworks */ = {
			isa = PBXFrameworksBuildPhase;
			buildActionMask = 2147483647;
			files = (
			);
			runOnlyForDeploymentPostprocessing = 0;
		};
/* End PBXFrameworksBuildPhase section */

/* Begin PBXGroup section */
		8EA29B522C792A2300D14ABF = {
			isa = PBXGroup;
			children = (
				8EA29B5D2C792A2300D14ABF /* ToDoList */,
				8EA29B772C792A2500D14ABF /* ToDoListTests */,
				8EA29B812C792A2500D14ABF /* ToDoListUITests */,
				8EA29B5C2C792A2300D14ABF /* Products */,
			);
			sourceTree = "<group>";
		};
		8EA29B5C2C792A2300D14ABF /* Products */ = {
			isa = PBXGroup;
			children = (
				8EA29B5B2C792A2300D14ABF /* ToDoList.app */,
				8EA29B742C792A2500D14ABF /* ToDoListTests.xctest */,
				8EA29B7E2C792A2500D14ABF /* ToDoListUITests.xctest */,
			);
			name = Products;
			sourceTree = "<group>";
		};
		8EA29B5D2C792A2300D14ABF /* ToDoList */ = {
			isa = PBXGroup;
			children = (
				8EA29B912C792ACF00D14ABF /* SystemFiles */,
				8EA29B992C792F5000D14ABF /* AssemblyManager */,
				8EA29B972C792F0400D14ABF /* NetworkManager */,
				8EA29B982C792F1A00D14ABF /* CoreDataManager */,
				8EA29B922C792DC800D14ABF /* Views */,
				8EA29B932C792E2800D14ABF /* Interactors */,
				8EA29B952C792EA100D14ABF /* Presenters */,
				8EA29B962C792EE100D14ABF /* Entities */,
				8EA29B942C792E7200D14ABF /* Routers */,
			);
			path = ToDoList;
			sourceTree = "<group>";
		};
		8EA29B772C792A2500D14ABF /* ToDoListTests */ = {
			isa = PBXGroup;
			children = (
				8EA29B782C792A2500D14ABF /* ToDoListTests.swift */,
				8EA29BB02C7FBADD00D14ABF /* NetworkManagerMock.swift */,
				8EA29BB22C7FBBA100D14ABF /* CoreDataManagerMock.swift */,
			);
			path = ToDoListTests;
			sourceTree = "<group>";
		};
		8EA29B812C792A2500D14ABF /* ToDoListUITests */ = {
			isa = PBXGroup;
			children = (
				8EA29B822C792A2500D14ABF /* ToDoListUITests.swift */,
				8EA29B842C792A2500D14ABF /* ToDoListUITestsLaunchTests.swift */,
			);
			path = ToDoListUITests;
			sourceTree = "<group>";
		};
		8EA29B912C792ACF00D14ABF /* SystemFiles */ = {
			isa = PBXGroup;
			children = (
				8EA29B5E2C792A2300D14ABF /* AppDelegate.swift */,
				8EA29B602C792A2300D14ABF /* SceneDelegate.swift */,
				8EA29B6C2C792A2500D14ABF /* LaunchScreen.storyboard */,
				8EA29B6A2C792A2500D14ABF /* Assets.xcassets */,
				8EA29B6F2C792A2500D14ABF /* Info.plist */,
				8EA29B672C792A2300D14ABF /* ToDoList.xcdatamodeld */,
			);
			path = SystemFiles;
			sourceTree = "<group>";
		};
		8EA29B922C792DC800D14ABF /* Views */ = {
			isa = PBXGroup;
			children = (
				8EA29B622C792A2300D14ABF /* ToDoListViewController.swift */,
				8EA29BA82C79DED600D14ABF /* TableViewCell.swift */,
			);
			path = Views;
			sourceTree = "<group>";
		};
		8EA29B932C792E2800D14ABF /* Interactors */ = {
			isa = PBXGroup;
			children = (
				8EA29B9C2C79337900D14ABF /* ToDoListInteractor.swift */,
			);
			path = Interactors;
			sourceTree = "<group>";
		};
		8EA29B942C792E7200D14ABF /* Routers */ = {
			isa = PBXGroup;
			children = (
				8EA29BA02C79348900D14ABF /* ToDoListRouter.swift */,
			);
			path = Routers;
			sourceTree = "<group>";
		};
		8EA29B952C792EA100D14ABF /* Presenters */ = {
			isa = PBXGroup;
			children = (
				8EA29B9E2C79345200D14ABF /* ToDoListPresenter.swift */,
			);
			path = Presenters;
			sourceTree = "<group>";
		};
		8EA29B962C792EE100D14ABF /* Entities */ = {
			isa = PBXGroup;
			children = (
				8EA29BA62C793D5B00D14ABF /* ToDoItem.swift */,
				8EA29BAA2C7E3B2000D14ABF /* APItoDoItem.swift */,
			);
			path = Entities;
			sourceTree = "<group>";
		};
		8EA29B972C792F0400D14ABF /* NetworkManager */ = {
			isa = PBXGroup;
			children = (
				8EA29BA22C79392E00D14ABF /* NetworkManager.swift */,
			);
			path = NetworkManager;
			sourceTree = "<group>";
		};
		8EA29B982C792F1A00D14ABF /* CoreDataManager */ = {
			isa = PBXGroup;
			children = (
				8EA29BA42C79397F00D14ABF /* CoreDataManager.swift */,
				8EA29BAC2C7E770A00D14ABF /* ToDoItemEntity+CoreDataClass.swift */,
				8EA29BAD2C7E770A00D14ABF /* ToDoItemEntity+CoreDataProperties.swift */,
			);
			path = CoreDataManager;
			sourceTree = "<group>";
		};
		8EA29B992C792F5000D14ABF /* AssemblyManager */ = {
			isa = PBXGroup;
			children = (
				8EA29B9A2C792FE500D14ABF /* AssemblyManager.swift */,
			);
			path = AssemblyManager;
			sourceTree = "<group>";
		};
/* End PBXGroup section */

/* Begin PBXNativeTarget section */
		8EA29B5A2C792A2300D14ABF /* ToDoList */ = {
			isa = PBXNativeTarget;
			buildConfigurationList = 8EA29B882C792A2500D14ABF /* Build configuration list for PBXNativeTarget "ToDoList" */;
			buildPhases = (
				8EA29B572C792A2300D14ABF /* Sources */,
				8EA29B582C792A2300D14ABF /* Frameworks */,
				8EA29B592C792A2300D14ABF /* Resources */,
			);
			buildRules = (
			);
			dependencies = (
			);
			name = ToDoList;
			productName = ToDoList;
			productReference = 8EA29B5B2C792A2300D14ABF /* ToDoList.app */;
			productType = "com.apple.product-type.application";
		};
		8EA29B732C792A2500D14ABF /* ToDoListTests */ = {
			isa = PBXNativeTarget;
			buildConfigurationList = 8EA29B8B2C792A2500D14ABF /* Build configuration list for PBXNativeTarget "ToDoListTests" */;
			buildPhases = (
				8EA29B702C792A2500D14ABF /* Sources */,
				8EA29B712C792A2500D14ABF /* Frameworks */,
				8EA29B722C792A2500D14ABF /* Resources */,
			);
			buildRules = (
			);
			dependencies = (
				8EA29B762C792A2500D14ABF /* PBXTargetDependency */,
			);
			name = ToDoListTests;
			productName = ToDoListTests;
			productReference = 8EA29B742C792A2500D14ABF /* ToDoListTests.xctest */;
			productType = "com.apple.product-type.bundle.unit-test";
		};
		8EA29B7D2C792A2500D14ABF /* ToDoListUITests */ = {
			isa = PBXNativeTarget;
			buildConfigurationList = 8EA29B8E2C792A2500D14ABF /* Build configuration list for PBXNativeTarget "ToDoListUITests" */;
			buildPhases = (
				8EA29B7A2C792A2500D14ABF /* Sources */,
				8EA29B7B2C792A2500D14ABF /* Frameworks */,
				8EA29B7C2C792A2500D14ABF /* Resources */,
			);
			buildRules = (
			);
			dependencies = (
				8EA29B802C792A2500D14ABF /* PBXTargetDependency */,
			);
			name = ToDoListUITests;
			productName = ToDoListUITests;
			productReference = 8EA29B7E2C792A2500D14ABF /* ToDoListUITests.xctest */;
			productType = "com.apple.product-type.bundle.ui-testing";
		};
/* End PBXNativeTarget section */

/* Begin PBXProject section */
		8EA29B532C792A2300D14ABF /* Project object */ = {
			isa = PBXProject;
			attributes = {
				BuildIndependentTargetsInParallel = 1;
				LastSwiftUpdateCheck = 1540;
				LastUpgradeCheck = 1540;
				TargetAttributes = {
					8EA29B5A2C792A2300D14ABF = {
						CreatedOnToolsVersion = 15.4;
					};
					8EA29B732C792A2500D14ABF = {
						CreatedOnToolsVersion = 15.4;
						TestTargetID = 8EA29B5A2C792A2300D14ABF;
					};
					8EA29B7D2C792A2500D14ABF = {
						CreatedOnToolsVersion = 15.4;
						TestTargetID = 8EA29B5A2C792A2300D14ABF;
					};
				};
			};
			buildConfigurationList = 8EA29B562C792A2300D14ABF /* Build configuration list for PBXProject "ToDoList" */;
			compatibilityVersion = "Xcode 14.0";
			developmentRegion = en;
			hasScannedForEncodings = 0;
			knownRegions = (
				en,
				Base,
			);
			mainGroup = 8EA29B522C792A2300D14ABF;
			productRefGroup = 8EA29B5C2C792A2300D14ABF /* Products */;
			projectDirPath = "";
			projectRoot = "";
			targets = (
				8EA29B5A2C792A2300D14ABF /* ToDoList */,
				8EA29B732C792A2500D14ABF /* ToDoListTests */,
				8EA29B7D2C792A2500D14ABF /* ToDoListUITests */,
			);
		};
/* End PBXProject section */

/* Begin PBXResourcesBuildPhase section */
		8EA29B592C792A2300D14ABF /* Resources */ = {
			isa = PBXResourcesBuildPhase;
			buildActionMask = 2147483647;
			files = (
				8EA29B6B2C792A2500D14ABF /* Assets.xcassets in Resources */,
				8EA29B6E2C792A2500D14ABF /* Base in Resources */,
			);
			runOnlyForDeploymentPostprocessing = 0;
		};
		8EA29B722C792A2500D14ABF /* Resources */ = {
			isa = PBXResourcesBuildPhase;
			buildActionMask = 2147483647;
			files = (
			);
			runOnlyForDeploymentPostprocessing = 0;
		};
		8EA29B7C2C792A2500D14ABF /* Resources */ = {
			isa = PBXResourcesBuildPhase;
			buildActionMask = 2147483647;
			files = (
			);
			runOnlyForDeploymentPostprocessing = 0;
		};
/* End PBXResourcesBuildPhase section */

/* Begin PBXSourcesBuildPhase section */
		8EA29B572C792A2300D14ABF /* Sources */ = {
			isa = PBXSourcesBuildPhase;
			buildActionMask = 2147483647;
			files = (
				8EA29BAB2C7E3B2000D14ABF /* APItoDoItem.swift in Sources */,
				8EA29BA32C79392E00D14ABF /* NetworkManager.swift in Sources */,
				8EA29B9F2C79345200D14ABF /* ToDoListPresenter.swift in Sources */,
				8EA29B632C792A2300D14ABF /* ToDoListViewController.swift in Sources */,
				8EA29BAE2C7E770A00D14ABF /* ToDoItemEntity+CoreDataClass.swift in Sources */,
				8EA29BAF2C7E770A00D14ABF /* ToDoItemEntity+CoreDataProperties.swift in Sources */,
				8EA29BA12C79348900D14ABF /* ToDoListRouter.swift in Sources */,
				8EA29B9B2C792FE500D14ABF /* AssemblyManager.swift in Sources */,
				8EA29B5F2C792A2300D14ABF /* AppDelegate.swift in Sources */,
				8EA29B612C792A2300D14ABF /* SceneDelegate.swift in Sources */,
				8EA29BA72C793D5B00D14ABF /* ToDoItem.swift in Sources */,
				8EA29B9D2C79337900D14ABF /* ToDoListInteractor.swift in Sources */,
				8EA29BA92C79DED600D14ABF /* TableViewCell.swift in Sources */,
				8EA29BA52C79397F00D14ABF /* CoreDataManager.swift in Sources */,
				8EA29B692C792A2300D14ABF /* ToDoList.xcdatamodeld in Sources */,
			);
			runOnlyForDeploymentPostprocessing = 0;
		};
		8EA29B702C792A2500D14ABF /* Sources */ = {
			isa = PBXSourcesBuildPhase;
			buildActionMask = 2147483647;
			files = (
				8EA29BB12C7FBADD00D14ABF /* NetworkManagerMock.swift in Sources */,
				8EA29BB32C7FBBA100D14ABF /* CoreDataManagerMock.swift in Sources */,
				8EA29B792C792A2500D14ABF /* ToDoListTests.swift in Sources */,
			);
			runOnlyForDeploymentPostprocessing = 0;
		};
		8EA29B7A2C792A2500D14ABF /* Sources */ = {
			isa = PBXSourcesBuildPhase;
			buildActionMask = 2147483647;
			files = (
				8EA29B852C792A2500D14ABF /* ToDoListUITestsLaunchTests.swift in Sources */,
				8EA29B832C792A2500D14ABF /* ToDoListUITests.swift in Sources */,
			);
			runOnlyForDeploymentPostprocessing = 0;
		};
/* End PBXSourcesBuildPhase section */

/* Begin PBXTargetDependency section */
		8EA29B762C792A2500D14ABF /* PBXTargetDependency */ = {
			isa = PBXTargetDependency;
			target = 8EA29B5A2C792A2300D14ABF /* ToDoList */;
			targetProxy = 8EA29B752C792A2500D14ABF /* PBXContainerItemProxy */;
		};
		8EA29B802C792A2500D14ABF /* PBXTargetDependency */ = {
			isa = PBXTargetDependency;
			target = 8EA29B5A2C792A2300D14ABF /* ToDoList */;
			targetProxy = 8EA29B7F2C792A2500D14ABF /* PBXContainerItemProxy */;
		};
/* End PBXTargetDependency section */

/* Begin PBXVariantGroup section */
		8EA29B6C2C792A2500D14ABF /* LaunchScreen.storyboard */ = {
			isa = PBXVariantGroup;
			children = (
				8EA29B6D2C792A2500D14ABF /* Base */,
			);
			name = LaunchScreen.storyboard;
			sourceTree = "<group>";
		};
/* End PBXVariantGroup section */

/* Begin XCBuildConfiguration section */
		8EA29B862C792A2500D14ABF /* Debug */ = {
			isa = XCBuildConfiguration;
			buildSettings = {
				ALWAYS_SEARCH_USER_PATHS = NO;
				ASSETCATALOG_COMPILER_GENERATE_SWIFT_ASSET_SYMBOL_EXTENSIONS = YES;
				CLANG_ANALYZER_NONNULL = YES;
				CLANG_ANALYZER_NUMBER_OBJECT_CONVERSION = YES_AGGRESSIVE;
				CLANG_CXX_LANGUAGE_STANDARD = "gnu++20";
				CLANG_ENABLE_MODULES = YES;
				CLANG_ENABLE_OBJC_ARC = YES;
				CLANG_ENABLE_OBJC_WEAK = YES;
				CLANG_WARN_BLOCK_CAPTURE_AUTORELEASING = YES;
				CLANG_WARN_BOOL_CONVERSION = YES;
				CLANG_WARN_COMMA = YES;
				CLANG_WARN_CONSTANT_CONVERSION = YES;
				CLANG_WARN_DEPRECATED_OBJC_IMPLEMENTATIONS = YES;
				CLANG_WARN_DIRECT_OBJC_ISA_USAGE = YES_ERROR;
				CLANG_WARN_DOCUMENTATION_COMMENTS = YES;
				CLANG_WARN_EMPTY_BODY = YES;
				CLANG_WARN_ENUM_CONVERSION = YES;
				CLANG_WARN_INFINITE_RECURSION = YES;
				CLANG_WARN_INT_CONVERSION = YES;
				CLANG_WARN_NON_LITERAL_NULL_CONVERSION = YES;
				CLANG_WARN_OBJC_IMPLICIT_RETAIN_SELF = YES;
				CLANG_WARN_OBJC_LITERAL_CONVERSION = YES;
				CLANG_WARN_OBJC_ROOT_CLASS = YES_ERROR;
				CLANG_WARN_QUOTED_INCLUDE_IN_FRAMEWORK_HEADER = YES;
				CLANG_WARN_RANGE_LOOP_ANALYSIS = YES;
				CLANG_WARN_STRICT_PROTOTYPES = YES;
				CLANG_WARN_SUSPICIOUS_MOVE = YES;
				CLANG_WARN_UNGUARDED_AVAILABILITY = YES_AGGRESSIVE;
				CLANG_WARN_UNREACHABLE_CODE = YES;
				CLANG_WARN__DUPLICATE_METHOD_MATCH = YES;
				COPY_PHASE_STRIP = NO;
				DEBUG_INFORMATION_FORMAT = dwarf;
				ENABLE_STRICT_OBJC_MSGSEND = YES;
				ENABLE_TESTABILITY = YES;
				ENABLE_USER_SCRIPT_SANDBOXING = YES;
				GCC_C_LANGUAGE_STANDARD = gnu17;
				GCC_DYNAMIC_NO_PIC = NO;
				GCC_NO_COMMON_BLOCKS = YES;
				GCC_OPTIMIZATION_LEVEL = 0;
				GCC_PREPROCESSOR_DEFINITIONS = (
					"DEBUG=1",
					"$(inherited)",
				);
				GCC_WARN_64_TO_32_BIT_CONVERSION = YES;
				GCC_WARN_ABOUT_RETURN_TYPE = YES_ERROR;
				GCC_WARN_UNDECLARED_SELECTOR = YES;
				GCC_WARN_UNINITIALIZED_AUTOS = YES_AGGRESSIVE;
				GCC_WARN_UNUSED_FUNCTION = YES;
				GCC_WARN_UNUSED_VARIABLE = YES;
				IPHONEOS_DEPLOYMENT_TARGET = 17.5;
				LOCALIZATION_PREFERS_STRING_CATALOGS = YES;
				MTL_ENABLE_DEBUG_INFO = INCLUDE_SOURCE;
				MTL_FAST_MATH = YES;
				ONLY_ACTIVE_ARCH = YES;
				SDKROOT = iphoneos;
				SWIFT_ACTIVE_COMPILATION_CONDITIONS = "DEBUG $(inherited)";
				SWIFT_OPTIMIZATION_LEVEL = "-Onone";
			};
			name = Debug;
		};
		8EA29B872C792A2500D14ABF /* Release */ = {
			isa = XCBuildConfiguration;
			buildSettings = {
				ALWAYS_SEARCH_USER_PATHS = NO;
				ASSETCATALOG_COMPILER_GENERATE_SWIFT_ASSET_SYMBOL_EXTENSIONS = YES;
				CLANG_ANALYZER_NONNULL = YES;
				CLANG_ANALYZER_NUMBER_OBJECT_CONVERSION = YES_AGGRESSIVE;
				CLANG_CXX_LANGUAGE_STANDARD = "gnu++20";
				CLANG_ENABLE_MODULES = YES;
				CLANG_ENABLE_OBJC_ARC = YES;
				CLANG_ENABLE_OBJC_WEAK = YES;
				CLANG_WARN_BLOCK_CAPTURE_AUTORELEASING = YES;
				CLANG_WARN_BOOL_CONVERSION = YES;
				CLANG_WARN_COMMA = YES;
				CLANG_WARN_CONSTANT_CONVERSION = YES;
				CLANG_WARN_DEPRECATED_OBJC_IMPLEMENTATIONS = YES;
				CLANG_WARN_DIRECT_OBJC_ISA_USAGE = YES_ERROR;
				CLANG_WARN_DOCUMENTATION_COMMENTS = YES;
				CLANG_WARN_EMPTY_BODY = YES;
				CLANG_WARN_ENUM_CONVERSION = YES;
				CLANG_WARN_INFINITE_RECURSION = YES;
				CLANG_WARN_INT_CONVERSION = YES;
				CLANG_WARN_NON_LITERAL_NULL_CONVERSION = YES;
				CLANG_WARN_OBJC_IMPLICIT_RETAIN_SELF = YES;
				CLANG_WARN_OBJC_LITERAL_CONVERSION = YES;
				CLANG_WARN_OBJC_ROOT_CLASS = YES_ERROR;
				CLANG_WARN_QUOTED_INCLUDE_IN_FRAMEWORK_HEADER = YES;
				CLANG_WARN_RANGE_LOOP_ANALYSIS = YES;
				CLANG_WARN_STRICT_PROTOTYPES = YES;
				CLANG_WARN_SUSPICIOUS_MOVE = YES;
				CLANG_WARN_UNGUARDED_AVAILABILITY = YES_AGGRESSIVE;
				CLANG_WARN_UNREACHABLE_CODE = YES;
				CLANG_WARN__DUPLICATE_METHOD_MATCH = YES;
				COPY_PHASE_STRIP = NO;
				DEBUG_INFORMATION_FORMAT = "dwarf-with-dsym";
				ENABLE_NS_ASSERTIONS = NO;
				ENABLE_STRICT_OBJC_MSGSEND = YES;
				ENABLE_USER_SCRIPT_SANDBOXING = YES;
				GCC_C_LANGUAGE_STANDARD = gnu17;
				GCC_NO_COMMON_BLOCKS = YES;
				GCC_WARN_64_TO_32_BIT_CONVERSION = YES;
				GCC_WARN_ABOUT_RETURN_TYPE = YES_ERROR;
				GCC_WARN_UNDECLARED_SELECTOR = YES;
				GCC_WARN_UNINITIALIZED_AUTOS = YES_AGGRESSIVE;
				GCC_WARN_UNUSED_FUNCTION = YES;
				GCC_WARN_UNUSED_VARIABLE = YES;
				IPHONEOS_DEPLOYMENT_TARGET = 17.5;
				LOCALIZATION_PREFERS_STRING_CATALOGS = YES;
				MTL_ENABLE_DEBUG_INFO = NO;
				MTL_FAST_MATH = YES;
				SDKROOT = iphoneos;
				SWIFT_COMPILATION_MODE = wholemodule;
				VALIDATE_PRODUCT = YES;
			};
			name = Release;
		};
		8EA29B892C792A2500D14ABF /* Debug */ = {
			isa = XCBuildConfiguration;
			buildSettings = {
				ASSETCATALOG_COMPILER_APPICON_NAME = AppIcon;
				ASSETCATALOG_COMPILER_GLOBAL_ACCENT_COLOR_NAME = AccentColor;
				CODE_SIGN_STYLE = Automatic;
				CURRENT_PROJECT_VERSION = 1;
				DEVELOPMENT_TEAM = PRBS29X52L;
				GENERATE_INFOPLIST_FILE = YES;
				INFOPLIST_FILE = ToDoList/SystemFiles/Info.plist;
				INFOPLIST_KEY_UIApplicationSupportsIndirectInputEvents = YES;
				INFOPLIST_KEY_UILaunchStoryboardName = LaunchScreen;
				INFOPLIST_KEY_UISupportedInterfaceOrientations = UIInterfaceOrientationPortrait;
				INFOPLIST_KEY_UISupportedInterfaceOrientations_iPad = "UIInterfaceOrientationLandscapeLeft UIInterfaceOrientationLandscapeRight UIInterfaceOrientationPortrait UIInterfaceOrientationPortraitUpsideDown";
				LD_RUNPATH_SEARCH_PATHS = (
					"$(inherited)",
					"@executable_path/Frameworks",
				);
				MARKETING_VERSION = 1.0;
				PRODUCT_BUNDLE_IDENTIFIER = Home.ToDoList;
				PRODUCT_NAME = "$(TARGET_NAME)";
				SUPPORTED_PLATFORMS = "iphoneos iphonesimulator";
				SUPPORTS_MACCATALYST = NO;
				SUPPORTS_MAC_DESIGNED_FOR_IPHONE_IPAD = NO;
				SUPPORTS_XR_DESIGNED_FOR_IPHONE_IPAD = NO;
				SWIFT_EMIT_LOC_STRINGS = YES;
				SWIFT_VERSION = 5.0;
				TARGETED_DEVICE_FAMILY = 1;
			};
			name = Debug;
		};
		8EA29B8A2C792A2500D14ABF /* Release */ = {
			isa = XCBuildConfiguration;
			buildSettings = {
				ASSETCATALOG_COMPILER_APPICON_NAME = AppIcon;
				ASSETCATALOG_COMPILER_GLOBAL_ACCENT_COLOR_NAME = AccentColor;
				CODE_SIGN_STYLE = Automatic;
				CURRENT_PROJECT_VERSION = 1;
				DEVELOPMENT_TEAM = PRBS29X52L;
				GENERATE_INFOPLIST_FILE = YES;
				INFOPLIST_FILE = ToDoList/SystemFiles/Info.plist;
				INFOPLIST_KEY_UIApplicationSupportsIndirectInputEvents = YES;
				INFOPLIST_KEY_UILaunchStoryboardName = LaunchScreen;
				INFOPLIST_KEY_UISupportedInterfaceOrientations = UIInterfaceOrientationPortrait;
				INFOPLIST_KEY_UISupportedInterfaceOrientations_iPad = "UIInterfaceOrientationLandscapeLeft UIInterfaceOrientationLandscapeRight UIInterfaceOrientationPortrait UIInterfaceOrientationPortraitUpsideDown";
				LD_RUNPATH_SEARCH_PATHS = (
					"$(inherited)",
					"@executable_path/Frameworks",
				);
				MARKETING_VERSION = 1.0;
				PRODUCT_BUNDLE_IDENTIFIER = Home.ToDoList;
				PRODUCT_NAME = "$(TARGET_NAME)";
				SUPPORTED_PLATFORMS = "iphoneos iphonesimulator";
				SUPPORTS_MACCATALYST = NO;
				SUPPORTS_MAC_DESIGNED_FOR_IPHONE_IPAD = NO;
				SUPPORTS_XR_DESIGNED_FOR_IPHONE_IPAD = NO;
				SWIFT_EMIT_LOC_STRINGS = YES;
				SWIFT_VERSION = 5.0;
				TARGETED_DEVICE_FAMILY = 1;
			};
			name = Release;
		};
		8EA29B8C2C792A2500D14ABF /* Debug */ = {
			isa = XCBuildConfiguration;
			buildSettings = {
				ALWAYS_EMBED_SWIFT_STANDARD_LIBRARIES = YES;
				BUNDLE_LOADER = "$(TEST_HOST)";
				CODE_SIGN_STYLE = Automatic;
				CURRENT_PROJECT_VERSION = 1;
				DEVELOPMENT_TEAM = PRBS29X52L;
				GENERATE_INFOPLIST_FILE = YES;
				IPHONEOS_DEPLOYMENT_TARGET = 17.5;
				MARKETING_VERSION = 1.0;
				PRODUCT_BUNDLE_IDENTIFIER = Home.ToDoListTests;
				PRODUCT_NAME = "$(TARGET_NAME)";
				SWIFT_EMIT_LOC_STRINGS = NO;
				SWIFT_VERSION = 5.0;
				TARGETED_DEVICE_FAMILY = "1,2";
				TEST_HOST = "$(BUILT_PRODUCTS_DIR)/ToDoList.app/$(BUNDLE_EXECUTABLE_FOLDER_PATH)/ToDoList";
			};
			name = Debug;
		};
		8EA29B8D2C792A2500D14ABF /* Release */ = {
			isa = XCBuildConfiguration;
			buildSettings = {
				ALWAYS_EMBED_SWIFT_STANDARD_LIBRARIES = YES;
				BUNDLE_LOADER = "$(TEST_HOST)";
				CODE_SIGN_STYLE = Automatic;
				CURRENT_PROJECT_VERSION = 1;
				DEVELOPMENT_TEAM = PRBS29X52L;
				GENERATE_INFOPLIST_FILE = YES;
				IPHONEOS_DEPLOYMENT_TARGET = 17.5;
				MARKETING_VERSION = 1.0;
				PRODUCT_BUNDLE_IDENTIFIER = Home.ToDoListTests;
				PRODUCT_NAME = "$(TARGET_NAME)";
				SWIFT_EMIT_LOC_STRINGS = NO;
				SWIFT_VERSION = 5.0;
				TARGETED_DEVICE_FAMILY = "1,2";
				TEST_HOST = "$(BUILT_PRODUCTS_DIR)/ToDoList.app/$(BUNDLE_EXECUTABLE_FOLDER_PATH)/ToDoList";
			};
			name = Release;
		};
		8EA29B8F2C792A2500D14ABF /* Debug */ = {
			isa = XCBuildConfiguration;
			buildSettings = {
				ALWAYS_EMBED_SWIFT_STANDARD_LIBRARIES = YES;
				CODE_SIGN_STYLE = Automatic;
				CURRENT_PROJECT_VERSION = 1;
				DEVELOPMENT_TEAM = PRBS29X52L;
				GENERATE_INFOPLIST_FILE = YES;
				MARKETING_VERSION = 1.0;
				PRODUCT_BUNDLE_IDENTIFIER = Home.ToDoListUITests;
				PRODUCT_NAME = "$(TARGET_NAME)";
				SWIFT_EMIT_LOC_STRINGS = NO;
				SWIFT_VERSION = 5.0;
				TARGETED_DEVICE_FAMILY = "1,2";
				TEST_TARGET_NAME = ToDoList;
			};
			name = Debug;
		};
		8EA29B902C792A2500D14ABF /* Release */ = {
			isa = XCBuildConfiguration;
			buildSettings = {
				ALWAYS_EMBED_SWIFT_STANDARD_LIBRARIES = YES;
				CODE_SIGN_STYLE = Automatic;
				CURRENT_PROJECT_VERSION = 1;
				DEVELOPMENT_TEAM = PRBS29X52L;
				GENERATE_INFOPLIST_FILE = YES;
				MARKETING_VERSION = 1.0;
				PRODUCT_BUNDLE_IDENTIFIER = Home.ToDoListUITests;
				PRODUCT_NAME = "$(TARGET_NAME)";
				SWIFT_EMIT_LOC_STRINGS = NO;
				SWIFT_VERSION = 5.0;
				TARGETED_DEVICE_FAMILY = "1,2";
				TEST_TARGET_NAME = ToDoList;
			};
			name = Release;
		};
/* End XCBuildConfiguration section */

/* Begin XCConfigurationList section */
		8EA29B562C792A2300D14ABF /* Build configuration list for PBXProject "ToDoList" */ = {
			isa = XCConfigurationList;
			buildConfigurations = (
				8EA29B862C792A2500D14ABF /* Debug */,
				8EA29B872C792A2500D14ABF /* Release */,
			);
			defaultConfigurationIsVisible = 0;
			defaultConfigurationName = Release;
		};
		8EA29B882C792A2500D14ABF /* Build configuration list for PBXNativeTarget "ToDoList" */ = {
			isa = XCConfigurationList;
			buildConfigurations = (
				8EA29B892C792A2500D14ABF /* Debug */,
				8EA29B8A2C792A2500D14ABF /* Release */,
			);
			defaultConfigurationIsVisible = 0;
			defaultConfigurationName = Release;
		};
		8EA29B8B2C792A2500D14ABF /* Build configuration list for PBXNativeTarget "ToDoListTests" */ = {
			isa = XCConfigurationList;
			buildConfigurations = (
				8EA29B8C2C792A2500D14ABF /* Debug */,
				8EA29B8D2C792A2500D14ABF /* Release */,
			);
			defaultConfigurationIsVisible = 0;
			defaultConfigurationName = Release;
		};
		8EA29B8E2C792A2500D14ABF /* Build configuration list for PBXNativeTarget "ToDoListUITests" */ = {
			isa = XCConfigurationList;
			buildConfigurations = (
				8EA29B8F2C792A2500D14ABF /* Debug */,
				8EA29B902C792A2500D14ABF /* Release */,
			);
			defaultConfigurationIsVisible = 0;
			defaultConfigurationName = Release;
		};
/* End XCConfigurationList section */

/* Begin XCVersionGroup section */
		8EA29B672C792A2300D14ABF /* ToDoList.xcdatamodeld */ = {
			isa = XCVersionGroup;
			children = (
				8EA29B682C792A2300D14ABF /* ToDoList.xcdatamodel */,
			);
			currentVersion = 8EA29B682C792A2300D14ABF /* ToDoList.xcdatamodel */;
			path = ToDoList.xcdatamodeld;
			sourceTree = "<group>";
			versionGroupType = wrapper.xcdatamodel;
		};
/* End XCVersionGroup section */
	};
	rootObject = 8EA29B532C792A2300D14ABF /* Project object */;
}
